// !$*UTF8*$!
{
	archiveVersion = 1;
	classes = {
	};
	objectVersion = 50;
	objects = {

/* Begin PBXBuildFile section */
		182E0EF5219D0FC500F36B2B /* TulingGameSDK.framework in Frameworks */ = {isa = PBXBuildFile; fileRef = 182E0EF3219D0FC400F36B2B /* TulingGameSDK.framework */; };
		182E0EF6219D0FC500F36B2B /* TulingGameSDK.bundle in Resources */ = {isa = PBXBuildFile; fileRef = 182E0EF4219D0FC400F36B2B /* TulingGameSDK.bundle */; };
		182E0EF9219D100C00F36B2B /* Util.m in Sources */ = {isa = PBXBuildFile; fileRef = 182E0EF7219D100C00F36B2B /* Util.m */; };
		189D2F2B2161CC2B00355B87 /* iphonetime.jpeg in Resources */ = {isa = PBXBuildFile; fileRef = 189D2F2A2161CC2B00355B87 /* iphonetime.jpeg */; };
		18FC7223215F26BC0034CF7A /* AppDelegate.m in Sources */ = {isa = PBXBuildFile; fileRef = 18FC7222215F26BC0034CF7A /* AppDelegate.m */; };
		18FC7226215F26BC0034CF7A /* ViewController.m in Sources */ = {isa = PBXBuildFile; fileRef = 18FC7225215F26BC0034CF7A /* ViewController.m */; };
		18FC722B215F26BD0034CF7A /* Assets.xcassets in Resources */ = {isa = PBXBuildFile; fileRef = 18FC722A215F26BD0034CF7A /* Assets.xcassets */; };
		18FC7231215F26BD0034CF7A /* main.m in Sources */ = {isa = PBXBuildFile; fileRef = 18FC7230215F26BD0034CF7A /* main.m */; };
		18FC724B215FC9080034CF7A /* Images.xcassets in Resources */ = {isa = PBXBuildFile; fileRef = 18FC724A215FC9080034CF7A /* Images.xcassets */; };
/* End PBXBuildFile section */

/* Begin PBXFileReference section */
		182E0EF3219D0FC400F36B2B /* TulingGameSDK.framework */ = {isa = PBXFileReference; lastKnownFileType = wrapper.framework; path = TulingGameSDK.framework; sourceTree = "<group>"; };
		182E0EF4219D0FC400F36B2B /* TulingGameSDK.bundle */ = {isa = PBXFileReference; lastKnownFileType = "wrapper.plug-in"; path = TulingGameSDK.bundle; sourceTree = "<group>"; };
		182E0EF7219D100C00F36B2B /* Util.m */ = {isa = PBXFileReference; fileEncoding = 4; lastKnownFileType = sourcecode.c.objc; path = Util.m; sourceTree = "<group>"; };
		182E0EF8219D100C00F36B2B /* Util.h */ = {isa = PBXFileReference; fileEncoding = 4; lastKnownFileType = sourcecode.c.h; path = Util.h; sourceTree = "<group>"; };
		189D2F2A2161CC2B00355B87 /* iphonetime.jpeg */ = {isa = PBXFileReference; lastKnownFileType = image.jpeg; path = iphonetime.jpeg; sourceTree = "<group>"; };
		18FC721E215F26BC0034CF7A /* TulingGameDemo.app */ = {isa = PBXFileReference; explicitFileType = wrapper.application; includeInIndex = 0; path = TulingGameDemo.app; sourceTree = BUILT_PRODUCTS_DIR; };
		18FC7221215F26BC0034CF7A /* AppDelegate.h */ = {isa = PBXFileReference; lastKnownFileType = sourcecode.c.h; path = AppDelegate.h; sourceTree = "<group>"; };
		18FC7222215F26BC0034CF7A /* AppDelegate.m */ = {isa = PBXFileReference; lastKnownFileType = sourcecode.c.objc; path = AppDelegate.m; sourceTree = "<group>"; };
		18FC7224215F26BC0034CF7A /* ViewController.h */ = {isa = PBXFileReference; lastKnownFileType = sourcecode.c.h; path = ViewController.h; sourceTree = "<group>"; };
		18FC7225215F26BC0034CF7A /* ViewController.m */ = {isa = PBXFileReference; lastKnownFileType = sourcecode.c.objc; path = ViewController.m; sourceTree = "<group>"; };
		18FC722A215F26BD0034CF7A /* Assets.xcassets */ = {isa = PBXFileReference; lastKnownFileType = folder.assetcatalog; path = Assets.xcassets; sourceTree = "<group>"; };
		18FC722F215F26BD0034CF7A /* Info.plist */ = {isa = PBXFileReference; lastKnownFileType = text.plist.xml; path = Info.plist; sourceTree = "<group>"; };
		18FC7230215F26BD0034CF7A /* main.m */ = {isa = PBXFileReference; lastKnownFileType = sourcecode.c.objc; path = main.m; sourceTree = "<group>"; };
		18FC724A215FC9080034CF7A /* Images.xcassets */ = {isa = PBXFileReference; lastKnownFileType = folder.assetcatalog; path = Images.xcassets; sourceTree = "<group>"; };
/* End PBXFileReference section */

/* Begin PBXFrameworksBuildPhase section */
		18FC721B215F26BC0034CF7A /* Frameworks */ = {
			isa = PBXFrameworksBuildPhase;
			buildActionMask = 2147483647;
			files = (
				182E0EF5219D0FC500F36B2B /* TulingGameSDK.framework in Frameworks */,
			);
			runOnlyForDeploymentPostprocessing = 0;
		};
/* End PBXFrameworksBuildPhase section */

/* Begin PBXGroup section */
		1814EC91217D5E0500C2389F /* TulingGameSDK-V1.0.1 */ = {
			isa = PBXGroup;
			children = (
				182E0EF4219D0FC400F36B2B /* TulingGameSDK.bundle */,
				182E0EF3219D0FC400F36B2B /* TulingGameSDK.framework */,
			);
			path = "TulingGameSDK-V1.0.1";
			sourceTree = "<group>";
		};
		18FC7215215F26BC0034CF7A = {
			isa = PBXGroup;
			children = (
				1814EC91217D5E0500C2389F /* TulingGameSDK-V1.0.1 */,
				18FC7220215F26BC0034CF7A /* TulingGameDemo */,
				18FC721F215F26BC0034CF7A /* Products */,
			);
			sourceTree = "<group>";
		};
		18FC721F215F26BC0034CF7A /* Products */ = {
			isa = PBXGroup;
			children = (
				18FC721E215F26BC0034CF7A /* TulingGameDemo.app */,
			);
			name = Products;
			sourceTree = "<group>";
		};
		18FC7220215F26BC0034CF7A /* TulingGameDemo */ = {
			isa = PBXGroup;
			children = (
				18FC7221215F26BC0034CF7A /* AppDelegate.h */,
				18FC7222215F26BC0034CF7A /* AppDelegate.m */,
				18FC7224215F26BC0034CF7A /* ViewController.h */,
				18FC7225215F26BC0034CF7A /* ViewController.m */,
				182E0EF8219D100C00F36B2B /* Util.h */,
				182E0EF7219D100C00F36B2B /* Util.m */,
				18FC722A215F26BD0034CF7A /* Assets.xcassets */,
				18FC722F215F26BD0034CF7A /* Info.plist */,
				18FC7230215F26BD0034CF7A /* main.m */,
				189D2F2A2161CC2B00355B87 /* iphonetime.jpeg */,
				18FC724A215FC9080034CF7A /* Images.xcassets */,
			);
			path = TulingGameDemo;
			sourceTree = "<group>";
		};
/* End PBXGroup section */

/* Begin PBXNativeTarget section */
		18FC721D215F26BC0034CF7A /* TulingGameDemo */ = {
			isa = PBXNativeTarget;
			buildConfigurationList = 18FC7234215F26BD0034CF7A /* Build configuration list for PBXNativeTarget "TulingGameDemo" */;
			buildPhases = (
				18FC721A215F26BC0034CF7A /* Sources */,
				18FC721B215F26BC0034CF7A /* Frameworks */,
				18FC721C215F26BC0034CF7A /* Resources */,
			);
			buildRules = (
			);
			dependencies = (
			);
			name = TulingGameDemo;
			productName = TulingGameDemo;
			productReference = 18FC721E215F26BC0034CF7A /* TulingGameDemo.app */;
			productType = "com.apple.product-type.application";
		};
/* End PBXNativeTarget section */

/* Begin PBXProject section */
		18FC7216215F26BC0034CF7A /* Project object */ = {
			isa = PBXProject;
			attributes = {
				LastUpgradeCheck = 1000;
				ORGANIZATIONNAME = TulingGame;
				TargetAttributes = {
					18FC721D215F26BC0034CF7A = {
						CreatedOnToolsVersion = 10.0;
					};
				};
			};
			buildConfigurationList = 18FC7219215F26BC0034CF7A /* Build configuration list for PBXProject "TulingGameDemo" */;
			compatibilityVersion = "Xcode 9.3";
			developmentRegion = en;
			hasScannedForEncodings = 0;
			knownRegions = (
				en,
				Base,
			);
			mainGroup = 18FC7215215F26BC0034CF7A;
			productRefGroup = 18FC721F215F26BC0034CF7A /* Products */;
			projectDirPath = "";
			projectRoot = "";
			targets = (
				18FC721D215F26BC0034CF7A /* TulingGameDemo */,
			);
		};
/* End PBXProject section */

/* Begin PBXResourcesBuildPhase section */
		18FC721C215F26BC0034CF7A /* Resources */ = {
			isa = PBXResourcesBuildPhase;
			buildActionMask = 2147483647;
			files = (
				189D2F2B2161CC2B00355B87 /* iphonetime.jpeg in Resources */,
				18FC722B215F26BD0034CF7A /* Assets.xcassets in Resources */,
				18FC724B215FC9080034CF7A /* Images.xcassets in Resources */,
				182E0EF6219D0FC500F36B2B /* TulingGameSDK.bundle in Resources */,
			);
			runOnlyForDeploymentPostprocessing = 0;
		};
/* End PBXResourcesBuildPhase section */

/* Begin PBXSourcesBuildPhase section */
		18FC721A215F26BC0034CF7A /* Sources */ = {
			isa = PBXSourcesBuildPhase;
			buildActionMask = 2147483647;
			files = (
				18FC7226215F26BC0034CF7A /* ViewController.m in Sources */,
				18FC7231215F26BD0034CF7A /* main.m in Sources */,
				18FC7223215F26BC0034CF7A /* AppDelegate.m in Sources */,
				182E0EF9219D100C00F36B2B /* Util.m in Sources */,
			);
			runOnlyForDeploymentPostprocessing = 0;
		};
/* End PBXSourcesBuildPhase section */

/* Begin XCBuildConfiguration section */
		18FC7232215F26BD0034CF7A /* Debug */ = {
			isa = XCBuildConfiguration;
			buildSettings = {
				ALWAYS_SEARCH_USER_PATHS = NO;
				CLANG_ANALYZER_NONNULL = YES;
				CLANG_ANALYZER_NUMBER_OBJECT_CONVERSION = YES_AGGRESSIVE;
				CLANG_CXX_LANGUAGE_STANDARD = "gnu++14";
				CLANG_CXX_LIBRARY = "libc++";
				CLANG_ENABLE_MODULES = YES;
				CLANG_ENABLE_OBJC_ARC = YES;
				CLANG_ENABLE_OBJC_WEAK = YES;
				CLANG_WARN_BLOCK_CAPTURE_AUTORELEASING = YES;
				CLANG_WARN_BOOL_CONVERSION = YES;
				CLANG_WARN_COMMA = YES;
				CLANG_WARN_CONSTANT_CONVERSION = YES;
				CLANG_WARN_DEPRECATED_OBJC_IMPLEMENTATIONS = YES;
				CLANG_WARN_DIRECT_OBJC_ISA_USAGE = YES_ERROR;
				CLANG_WARN_DOCUMENTATION_COMMENTS = YES;
				CLANG_WARN_EMPTY_BODY = YES;
				CLANG_WARN_ENUM_CONVERSION = YES;
				CLANG_WARN_INFINITE_RECURSION = YES;
				CLANG_WARN_INT_CONVERSION = YES;
				CLANG_WARN_NON_LITERAL_NULL_CONVERSION = YES;
				CLANG_WARN_OBJC_IMPLICIT_RETAIN_SELF = YES;
				CLANG_WARN_OBJC_LITERAL_CONVERSION = YES;
				CLANG_WARN_OBJC_ROOT_CLASS = YES_ERROR;
				CLANG_WARN_RANGE_LOOP_ANALYSIS = YES;
				CLANG_WARN_STRICT_PROTOTYPES = YES;
				CLANG_WARN_SUSPICIOUS_MOVE = YES;
				CLANG_WARN_UNGUARDED_AVAILABILITY = YES_AGGRESSIVE;
				CLANG_WARN_UNREACHABLE_CODE = YES;
				CLANG_WARN__DUPLICATE_METHOD_MATCH = YES;
				CODE_SIGN_IDENTITY = "iPhone Developer";
				COPY_PHASE_STRIP = NO;
				DEBUG_INFORMATION_FORMAT = dwarf;
				ENABLE_STRICT_OBJC_MSGSEND = YES;
				ENABLE_TESTABILITY = YES;
				GCC_C_LANGUAGE_STANDARD = gnu11;
				GCC_DYNAMIC_NO_PIC = NO;
				GCC_NO_COMMON_BLOCKS = YES;
				GCC_OPTIMIZATION_LEVEL = 0;
				GCC_PREPROCESSOR_DEFINITIONS = (
					"DEBUG=1",
					"$(inherited)",
				);
				GCC_WARN_64_TO_32_BIT_CONVERSION = YES;
				GCC_WARN_ABOUT_RETURN_TYPE = YES_ERROR;
				GCC_WARN_UNDECLARED_SELECTOR = YES;
				GCC_WARN_UNINITIALIZED_AUTOS = YES_AGGRESSIVE;
				GCC_WARN_UNUSED_FUNCTION = YES;
				GCC_WARN_UNUSED_VARIABLE = YES;
				IPHONEOS_DEPLOYMENT_TARGET = 12.0;
				MTL_ENABLE_DEBUG_INFO = INCLUDE_SOURCE;
				MTL_FAST_MATH = YES;
				ONLY_ACTIVE_ARCH = YES;
				SDKROOT = iphoneos;
			};
			name = Debug;
		};
		18FC7233215F26BD0034CF7A /* Release */ = {
			isa = XCBuildConfiguration;
			buildSettings = {
				ALWAYS_SEARCH_USER_PATHS = NO;
				CLANG_ANALYZER_NONNULL = YES;
				CLANG_ANALYZER_NUMBER_OBJECT_CONVERSION = YES_AGGRESSIVE;
				CLANG_CXX_LANGUAGE_STANDARD = "gnu++14";
				CLANG_CXX_LIBRARY = "libc++";
				CLANG_ENABLE_MODULES = YES;
				CLANG_ENABLE_OBJC_ARC = YES;
				CLANG_ENABLE_OBJC_WEAK = YES;
				CLANG_WARN_BLOCK_CAPTURE_AUTORELEASING = YES;
				CLANG_WARN_BOOL_CONVERSION = YES;
				CLANG_WARN_COMMA = YES;
				CLANG_WARN_CONSTANT_CONVERSION = YES;
				CLANG_WARN_DEPRECATED_OBJC_IMPLEMENTATIONS = YES;
				CLANG_WARN_DIRECT_OBJC_ISA_USAGE = YES_ERROR;
				CLANG_WARN_DOCUMENTATION_COMMENTS = YES;
				CLANG_WARN_EMPTY_BODY = YES;
				CLANG_WARN_ENUM_CONVERSION = YES;
				CLANG_WARN_INFINITE_RECURSION = YES;
				CLANG_WARN_INT_CONVERSION = YES;
				CLANG_WARN_NON_LITERAL_NULL_CONVERSION = YES;
				CLANG_WARN_OBJC_IMPLICIT_RETAIN_SELF = YES;
				CLANG_WARN_OBJC_LITERAL_CONVERSION = YES;
				CLANG_WARN_OBJC_ROOT_CLASS = YES_ERROR;
				CLANG_WARN_RANGE_LOOP_ANALYSIS = YES;
				CLANG_WARN_STRICT_PROTOTYPES = YES;
				CLANG_WARN_SUSPICIOUS_MOVE = YES;
				CLANG_WARN_UNGUARDED_AVAILABILITY = YES_AGGRESSIVE;
				CLANG_WARN_UNREACHABLE_CODE = YES;
				CLANG_WARN__DUPLICATE_METHOD_MATCH = YES;
				CODE_SIGN_IDENTITY = "iPhone Developer";
				COPY_PHASE_STRIP = NO;
				DEBUG_INFORMATION_FORMAT = "dwarf-with-dsym";
				ENABLE_NS_ASSERTIONS = NO;
				ENABLE_STRICT_OBJC_MSGSEND = YES;
				GCC_C_LANGUAGE_STANDARD = gnu11;
				GCC_NO_COMMON_BLOCKS = YES;
				GCC_WARN_64_TO_32_BIT_CONVERSION = YES;
				GCC_WARN_ABOUT_RETURN_TYPE = YES_ERROR;
				GCC_WARN_UNDECLARED_SELECTOR = YES;
				GCC_WARN_UNINITIALIZED_AUTOS = YES_AGGRESSIVE;
				GCC_WARN_UNUSED_FUNCTION = YES;
				GCC_WARN_UNUSED_VARIABLE = YES;
				IPHONEOS_DEPLOYMENT_TARGET = 12.0;
				MTL_ENABLE_DEBUG_INFO = NO;
				MTL_FAST_MATH = YES;
				SDKROOT = iphoneos;
				VALIDATE_PRODUCT = YES;
			};
			name = Release;
		};
		18FC7235215F26BD0034CF7A /* Debug */ = {
			isa = XCBuildConfiguration;
			buildSettings = {
				ASSETCATALOG_COMPILER_APPICON_NAME = AppIcon;
				ASSETCATALOG_COMPILER_LAUNCHIMAGE_NAME = LaunchImage;
				CODE_SIGN_STYLE = Automatic;
				DEVELOPMENT_TEAM = 3YX2L37MXK;
				FRAMEWORK_SEARCH_PATHS = (
					"$(inherited)",
					"$(PROJECT_DIR)/TulingGameSDK-V1.0.1",
				);
				INFOPLIST_FILE = TulingGameDemo/Info.plist;
				IPHONEOS_DEPLOYMENT_TARGET = 8.0;
				LD_RUNPATH_SEARCH_PATHS = (
					"$(inherited)",
					"@executable_path/Frameworks",
				);
				OTHER_LDFLAGS = "-ObjC";
				PRODUCT_BUNDLE_IDENTIFIER = com.TulingGame.SDKDemo;
				PRODUCT_NAME = "$(TARGET_NAME)";
				TARGETED_DEVICE_FAMILY = "1,2";
			};
			name = Debug;
		};
		18FC7236215F26BD0034CF7A /* Release */ = {
			isa = XCBuildConfiguration;
			buildSettings = {
				ASSETCATALOG_COMPILER_APPICON_NAME = AppIcon;
				ASSETCATALOG_COMPILER_LAUNCHIMAGE_NAME = LaunchImage;
				CODE_SIGN_STYLE = Automatic;
				DEVELOPMENT_TEAM = 3YX2L37MXK;
				FRAMEWORK_SEARCH_PATHS = (
					"$(inherited)",
					"$(PROJECT_DIR)/TulingGameSDK-V1.0.1",
				);
				INFOPLIST_FILE = TulingGameDemo/Info.plist;
				IPHONEOS_DEPLOYMENT_TARGET = 8.0;
				LD_RUNPATH_SEARCH_PATHS = (
					"$(inherited)",
					"@executable_path/Frameworks",
				);
				OTHER_LDFLAGS = "-ObjC";
				PRODUCT_BUNDLE_IDENTIFIER = com.TulingGame.SDKDemo;
				PRODUCT_NAME = "$(TARGET_NAME)";
				TARGETED_DEVICE_FAMILY = "1,2";
			};
			name = Release;
		};
/* End XCBuildConfiguration section */

/* Begin XCConfigurationList section */
		18FC7219215F26BC0034CF7A /* Build configuration list for PBXProject "TulingGameDemo" */ = {
			isa = XCConfigurationList;
			buildConfigurations = (
				18FC7232215F26BD0034CF7A /* Debug */,
				18FC7233215F26BD0034CF7A /* Release */,
			);
			defaultConfigurationIsVisible = 0;
			defaultConfigurationName = Release;
		};
		18FC7234215F26BD0034CF7A /* Build configuration list for PBXNativeTarget "TulingGameDemo" */ = {
			isa = XCConfigurationList;
			buildConfigurations = (
				18FC7235215F26BD0034CF7A /* Debug */,
				18FC7236215F26BD0034CF7A /* Release */,
			);
			defaultConfigurationIsVisible = 0;
			defaultConfigurationName = Release;
		};
/* End XCConfigurationList section */
	};
	rootObject = 18FC7216215F26BC0034CF7A /* Project object */;
}
